
Microsoft Visual Studio Solution File, Format Version 12.00
# Visual Studio Version 16
VisualStudioVersion = 16.0.29519.181
MinimumVisualStudioVersion = 10.0.40219.1
Project("{FAE04EC0-301F-11D3-BF4B-00C04F79EFBC}") = "YPrime.API", "YPrime.API\YPrime.API.csproj", "{6443C9EB-0BDF-488D-9D77-C10A0E195346}"
	ProjectSection(ProjectDependencies) = postProject
		{873E8A20-D80F-4FA9-8C90-A7815376FA9C} = {873E8A20-D80F-4FA9-8C90-A7815376FA9C}
		{B8488E30-361C-413B-847D-058C0740C481} = {B8488E30-361C-413B-847D-058C0740C481}
		{88DCDD57-997A-4A01-B1BE-2085CA331938} = {88DCDD57-997A-4A01-B1BE-2085CA331938}
		{B92BDD67-6FC5-4B89-B0D8-D35057DE31FF} = {B92BDD67-6FC5-4B89-B0D8-D35057DE31FF}
	EndProjectSection
EndProject
Project("{FAE04EC0-301F-11D3-BF4B-00C04F79EFBC}") = "YPrime.Data.Study", "YPrime.Data.Study\YPrime.Data.Study.csproj", "{88DCDD57-997A-4A01-B1BE-2085CA331938}"
EndProject
Project("{FAE04EC0-301F-11D3-BF4B-00C04F79EFBC}") = "YPrime.BusinessLayer", "YPrime.BusinessLayer\YPrime.BusinessLayer.csproj", "{B8488E30-361C-413B-847D-058C0740C481}"
	ProjectSection(ProjectDependencies) = postProject
		{88DCDD57-997A-4A01-B1BE-2085CA331938} = {88DCDD57-997A-4A01-B1BE-2085CA331938}
	EndProjectSection
EndProject
Project("{FAE04EC0-301F-11D3-BF4B-00C04F79EFBC}") = "YPrime.StudyPortal", "YPrime.StudyPortal\YPrime.StudyPortal.csproj", "{DB3E33EB-5EA8-4C79-999C-04244F0048A1}"
	ProjectSection(ProjectDependencies) = postProject
		{B8488E30-361C-413B-847D-058C0740C481} = {B8488E30-361C-413B-847D-058C0740C481}
		{88DCDD57-997A-4A01-B1BE-2085CA331938} = {88DCDD57-997A-4A01-B1BE-2085CA331938}
	EndProjectSection
EndProject
Project("{FAE04EC0-301F-11D3-BF4B-00C04F79EFBC}") = "YPrime.eCOA.DTOLibrary", "YPrime.eCOA.DTOLibrary\YPrime.eCOA.DTOLibrary.csproj", "{B92BDD67-6FC5-4B89-B0D8-D35057DE31FF}"
EndProject
Project("{FAE04EC0-301F-11D3-BF4B-00C04F79EFBC}") = "YPrime.Data.Study.Models", "YPrime.Data.Study.Models\YPrime.Data.Study.Models.csproj", "{873E8A20-D80F-4FA9-8C90-A7815376FA9C}"
EndProject
Project("{FAE04EC0-301F-11D3-BF4B-00C04F79EFBC}") = "YPrime.UnitTests", "YPrime.UnitTests\YPrime.UnitTests.csproj", "{04E164ED-0769-4F5F-988C-55148BF03D98}"
EndProject
Project("{2150E333-8FDC-42A3-9474-1A3956D46DE8}") = "Tests", "Tests", "{F395CAA9-0303-45F3-8E07-5353E3A5923E}"
EndProject
Project("{FAE04EC0-301F-11D3-BF4B-00C04F79EFBC}") = "YPrime.BusinessLayer.UnitTests", "YPrime.BusinessLayer.UnitTests\YPrime.BusinessLayer.UnitTests.csproj", "{FFB02516-6BBD-41A1-B258-BDA2100184CA}"
EndProject
Project("{9A19103F-16F7-4668-BE54-9A1E7A4F7556}") = "YPrime.Web.E2E", "YPrime.Web.E2E\YPrime.Web.E2E.csproj", "{4599DEBF-657D-4AE9-934C-91A5290CDEA8}"
EndProject
Project("{9A19103F-16F7-4668-BE54-9A1E7A4F7556}") = "YPrime.Core.BusinessLayer", "YPrime.Core.BusinessLayer\YPrime.Core.BusinessLayer.csproj", "{53E80F65-3D66-406B-A824-65EA4165DC8A}"
EndProject
Project("{9A19103F-16F7-4668-BE54-9A1E7A4F7556}") = "YPrime.Web.E2E.MockServer", "YPrime.Web.E2E.MockServer\YPrime.Web.E2E.MockServer.csproj", "{E9E9EDA5-702B-46DA-B58E-C0B4FE6D9703}"
EndProject
Project("{9A19103F-16F7-4668-BE54-9A1E7A4F7556}") = "YPrime.Web.E2E.StandaloneMockServer", "YPrime.Web.E2E.StandaloneMockServer\YPrime.Web.E2E.StandaloneMockServer.csproj", "{A5D6AD84-256E-49A5-949E-2D9BA79A34FC}"
EndProject
Global
	GlobalSection(SolutionConfigurationPlatforms) = preSolution
		Debug|Any CPU = Debug|Any CPU
		E2E|Any CPU = E2E|Any CPU
		Release|Any CPU = Release|Any CPU
		Val_Env|Any CPU = Val_Env|Any CPU
		Val|Any CPU = Val|Any CPU
	EndGlobalSection
	GlobalSection(ProjectConfigurationPlatforms) = postSolution
		{6443C9EB-0BDF-488D-9D77-C10A0E195346}.Debug|Any CPU.ActiveCfg = Debug|Any CPU
		{6443C9EB-0BDF-488D-9D77-C10A0E195346}.Debug|Any CPU.Build.0 = Debug|Any CPU
		{6443C9EB-0BDF-488D-9D77-C10A0E195346}.E2E|Any CPU.ActiveCfg = E2E|Any CPU
		{6443C9EB-0BDF-488D-9D77-C10A0E195346}.E2E|Any CPU.Build.0 = E2E|Any CPU
		{6443C9EB-0BDF-488D-9D77-C10A0E195346}.Release|Any CPU.ActiveCfg = Release|Any CPU
		{6443C9EB-0BDF-488D-9D77-C10A0E195346}.Release|Any CPU.Build.0 = Release|Any CPU
		{6443C9EB-0BDF-488D-9D77-C10A0E195346}.Val_Env|Any CPU.ActiveCfg = Val_Env|Any CPU
		{6443C9EB-0BDF-488D-9D77-C10A0E195346}.Val_Env|Any CPU.Build.0 = Val_Env|Any CPU
		{6443C9EB-0BDF-488D-9D77-C10A0E195346}.Val|Any CPU.ActiveCfg = Val|Any CPU
		{6443C9EB-0BDF-488D-9D77-C10A0E195346}.Val|Any CPU.Build.0 = Val|Any CPU
		{88DCDD57-997A-4A01-B1BE-2085CA331938}.Debug|Any CPU.ActiveCfg = Debug|Any CPU
		{88DCDD57-997A-4A01-B1BE-2085CA331938}.Debug|Any CPU.Build.0 = Debug|Any CPU
		{88DCDD57-997A-4A01-B1BE-2085CA331938}.E2E|Any CPU.ActiveCfg = E2E|Any CPU
		{88DCDD57-997A-4A01-B1BE-2085CA331938}.E2E|Any CPU.Build.0 = E2E|Any CPU
		{88DCDD57-997A-4A01-B1BE-2085CA331938}.Release|Any CPU.ActiveCfg = Release|Any CPU
		{88DCDD57-997A-4A01-B1BE-2085CA331938}.Release|Any CPU.Build.0 = Release|Any CPU
		{88DCDD57-997A-4A01-B1BE-2085CA331938}.Val_Env|Any CPU.ActiveCfg = Val|Any CPU
		{88DCDD57-997A-4A01-B1BE-2085CA331938}.Val_Env|Any CPU.Build.0 = Val|Any CPU
		{88DCDD57-997A-4A01-B1BE-2085CA331938}.Val|Any CPU.ActiveCfg = Debug|Any CPU
		{88DCDD57-997A-4A01-B1BE-2085CA331938}.Val|Any CPU.Build.0 = Debug|Any CPU
		{B8488E30-361C-413B-847D-058C0740C481}.Debug|Any CPU.ActiveCfg = Debug|Any CPU
		{B8488E30-361C-413B-847D-058C0740C481}.Debug|Any CPU.Build.0 = Debug|Any CPU
		{B8488E30-361C-413B-847D-058C0740C481}.E2E|Any CPU.ActiveCfg = E2E|Any CPU
		{B8488E30-361C-413B-847D-058C0740C481}.E2E|Any CPU.Build.0 = E2E|Any CPU
		{B8488E30-361C-413B-847D-058C0740C481}.Release|Any CPU.ActiveCfg = Release|Any CPU
		{B8488E30-361C-413B-847D-058C0740C481}.Release|Any CPU.Build.0 = Release|Any CPU
		{B8488E30-361C-413B-847D-058C0740C481}.Val_Env|Any CPU.ActiveCfg = Val|Any CPU
		{B8488E30-361C-413B-847D-058C0740C481}.Val_Env|Any CPU.Build.0 = Val|Any CPU
		{B8488E30-361C-413B-847D-058C0740C481}.Val|Any CPU.ActiveCfg = Val|Any CPU
		{B8488E30-361C-413B-847D-058C0740C481}.Val|Any CPU.Build.0 = Val|Any CPU
		{DB3E33EB-5EA8-4C79-999C-04244F0048A1}.Debug|Any CPU.ActiveCfg = Debug|Any CPU
		{DB3E33EB-5EA8-4C79-999C-04244F0048A1}.Debug|Any CPU.Build.0 = Debug|Any CPU
		{DB3E33EB-5EA8-4C79-999C-04244F0048A1}.E2E|Any CPU.ActiveCfg = E2E|Any CPU
		{DB3E33EB-5EA8-4C79-999C-04244F0048A1}.E2E|Any CPU.Build.0 = E2E|Any CPU
		{DB3E33EB-5EA8-4C79-999C-04244F0048A1}.Release|Any CPU.ActiveCfg = Release|Any CPU
		{DB3E33EB-5EA8-4C79-999C-04244F0048A1}.Release|Any CPU.Build.0 = Release|Any CPU
		{DB3E33EB-5EA8-4C79-999C-04244F0048A1}.Val_Env|Any CPU.ActiveCfg = Val|Any CPU
		{DB3E33EB-5EA8-4C79-999C-04244F0048A1}.Val_Env|Any CPU.Build.0 = Val|Any CPU
		{DB3E33EB-5EA8-4C79-999C-04244F0048A1}.Val|Any CPU.ActiveCfg = Val|Any CPU
		{DB3E33EB-5EA8-4C79-999C-04244F0048A1}.Val|Any CPU.Build.0 = Val|Any CPU
		{B92BDD67-6FC5-4B89-B0D8-D35057DE31FF}.Debug|Any CPU.ActiveCfg = Debug|Any CPU
		{B92BDD67-6FC5-4B89-B0D8-D35057DE31FF}.Debug|Any CPU.Build.0 = Debug|Any CPU
		{B92BDD67-6FC5-4B89-B0D8-D35057DE31FF}.E2E|Any CPU.ActiveCfg = E2E|Any CPU
		{B92BDD67-6FC5-4B89-B0D8-D35057DE31FF}.E2E|Any CPU.Build.0 = E2E|Any CPU
		{B92BDD67-6FC5-4B89-B0D8-D35057DE31FF}.Release|Any CPU.ActiveCfg = Release|Any CPU
		{B92BDD67-6FC5-4B89-B0D8-D35057DE31FF}.Release|Any CPU.Build.0 = Release|Any CPU
		{B92BDD67-6FC5-4B89-B0D8-D35057DE31FF}.Val_Env|Any CPU.ActiveCfg = Local|Any CPU
		{B92BDD67-6FC5-4B89-B0D8-D35057DE31FF}.Val_Env|Any CPU.Build.0 = Local|Any CPU
		{B92BDD67-6FC5-4B89-B0D8-D35057DE31FF}.Val|Any CPU.ActiveCfg = Release|Any CPU
		{B92BDD67-6FC5-4B89-B0D8-D35057DE31FF}.Val|Any CPU.Build.0 = Release|Any CPU
		{873E8A20-D80F-4FA9-8C90-A7815376FA9C}.Debug|Any CPU.ActiveCfg = Debug|Any CPU
		{873E8A20-D80F-4FA9-8C90-A7815376FA9C}.Debug|Any CPU.Build.0 = Debug|Any CPU
		{873E8A20-D80F-4FA9-8C90-A7815376FA9C}.E2E|Any CPU.ActiveCfg = E2E|Any CPU
		{873E8A20-D80F-4FA9-8C90-A7815376FA9C}.E2E|Any CPU.Build.0 = E2E|Any CPU
		{873E8A20-D80F-4FA9-8C90-A7815376FA9C}.Release|Any CPU.ActiveCfg = Release|Any CPU
		{873E8A20-D80F-4FA9-8C90-A7815376FA9C}.Release|Any CPU.Build.0 = Release|Any CPU
		{873E8A20-D80F-4FA9-8C90-A7815376FA9C}.Val_Env|Any CPU.ActiveCfg = Local|Any CPU
		{873E8A20-D80F-4FA9-8C90-A7815376FA9C}.Val_Env|Any CPU.Build.0 = Local|Any CPU
		{873E8A20-D80F-4FA9-8C90-A7815376FA9C}.Val|Any CPU.ActiveCfg = Release|Any CPU
		{873E8A20-D80F-4FA9-8C90-A7815376FA9C}.Val|Any CPU.Build.0 = Release|Any CPU
		{04E164ED-0769-4F5F-988C-55148BF03D98}.Debug|Any CPU.ActiveCfg = Debug|Any CPU
		{04E164ED-0769-4F5F-988C-55148BF03D98}.Debug|Any CPU.Build.0 = Debug|Any CPU
		{04E164ED-0769-4F5F-988C-55148BF03D98}.E2E|Any CPU.ActiveCfg = E2E|Any CPU
		{04E164ED-0769-4F5F-988C-55148BF03D98}.Release|Any CPU.ActiveCfg = Release|Any CPU
		{04E164ED-0769-4F5F-988C-55148BF03D98}.Release|Any CPU.Build.0 = Release|Any CPU
		{04E164ED-0769-4F5F-988C-55148BF03D98}.Val_Env|Any CPU.ActiveCfg = Local|Any CPU
		{04E164ED-0769-4F5F-988C-55148BF03D98}.Val_Env|Any CPU.Build.0 = Local|Any CPU
		{04E164ED-0769-4F5F-988C-55148BF03D98}.Val|Any CPU.ActiveCfg = Release|Any CPU
		{04E164ED-0769-4F5F-988C-55148BF03D98}.Val|Any CPU.Build.0 = Release|Any CPU
		{FFB02516-6BBD-41A1-B258-BDA2100184CA}.Debug|Any CPU.ActiveCfg = Debug|Any CPU
		{FFB02516-6BBD-41A1-B258-BDA2100184CA}.Debug|Any CPU.Build.0 = Debug|Any CPU
		{FFB02516-6BBD-41A1-B258-BDA2100184CA}.E2E|Any CPU.ActiveCfg = E2E|Any CPU
		{FFB02516-6BBD-41A1-B258-BDA2100184CA}.Release|Any CPU.ActiveCfg = Release|Any CPU
		{FFB02516-6BBD-41A1-B258-BDA2100184CA}.Release|Any CPU.Build.0 = Release|Any CPU
		{FFB02516-6BBD-41A1-B258-BDA2100184CA}.Val_Env|Any CPU.ActiveCfg = Release|Any CPU
		{FFB02516-6BBD-41A1-B258-BDA2100184CA}.Val_Env|Any CPU.Build.0 = Release|Any CPU
		{FFB02516-6BBD-41A1-B258-BDA2100184CA}.Val|Any CPU.ActiveCfg = Release|Any CPU
		{FFB02516-6BBD-41A1-B258-BDA2100184CA}.Val|Any CPU.Build.0 = Release|Any CPU
		{4599DEBF-657D-4AE9-934C-91A5290CDEA8}.Debug|Any CPU.ActiveCfg = Debug|Any CPU
		{4599DEBF-657D-4AE9-934C-91A5290CDEA8}.Debug|Any CPU.Build.0 = Debug|Any CPU
		{4599DEBF-657D-4AE9-934C-91A5290CDEA8}.E2E|Any CPU.ActiveCfg = E2E|Any CPU
		{4599DEBF-657D-4AE9-934C-91A5290CDEA8}.E2E|Any CPU.Build.0 = E2E|Any CPU
		{4599DEBF-657D-4AE9-934C-91A5290CDEA8}.Release|Any CPU.ActiveCfg = Release|Any CPU
		{4599DEBF-657D-4AE9-934C-91A5290CDEA8}.Release|Any CPU.Build.0 = Release|Any CPU
		{4599DEBF-657D-4AE9-934C-91A5290CDEA8}.Val_Env|Any CPU.ActiveCfg = Debug|Any CPU
		{4599DEBF-657D-4AE9-934C-91A5290CDEA8}.Val_Env|Any CPU.Build.0 = Debug|Any CPU
		{4599DEBF-657D-4AE9-934C-91A5290CDEA8}.Val|Any CPU.ActiveCfg = Debug|Any CPU
		{4599DEBF-657D-4AE9-934C-91A5290CDEA8}.Val|Any CPU.Build.0 = Debug|Any CPU
		{53E80F65-3D66-406B-A824-65EA4165DC8A}.Debug|Any CPU.ActiveCfg = Debug|Any CPU
		{53E80F65-3D66-406B-A824-65EA4165DC8A}.Debug|Any CPU.Build.0 = Debug|Any CPU
		{53E80F65-3D66-406B-A824-65EA4165DC8A}.E2E|Any CPU.ActiveCfg = Debug|Any CPU
		{53E80F65-3D66-406B-A824-65EA4165DC8A}.E2E|Any CPU.Build.0 = Debug|Any CPU
		{53E80F65-3D66-406B-A824-65EA4165DC8A}.Release|Any CPU.ActiveCfg = Release|Any CPU
		{53E80F65-3D66-406B-A824-65EA4165DC8A}.Release|Any CPU.Build.0 = Release|Any CPU
		{53E80F65-3D66-406B-A824-65EA4165DC8A}.Val_Env|Any CPU.ActiveCfg = Debug|Any CPU
		{53E80F65-3D66-406B-A824-65EA4165DC8A}.Val_Env|Any CPU.Build.0 = Debug|Any CPU
		{53E80F65-3D66-406B-A824-65EA4165DC8A}.Val|Any CPU.ActiveCfg = Debug|Any CPU
		{53E80F65-3D66-406B-A824-65EA4165DC8A}.Val|Any CPU.Build.0 = Debug|Any CPU
		{E9E9EDA5-702B-46DA-B58E-C0B4FE6D9703}.Debug|Any CPU.ActiveCfg = Debug|Any CPU
		{E9E9EDA5-702B-46DA-B58E-C0B4FE6D9703}.Debug|Any CPU.Build.0 = Debug|Any CPU
		{E9E9EDA5-702B-46DA-B58E-C0B4FE6D9703}.E2E|Any CPU.ActiveCfg = Debug|Any CPU
		{E9E9EDA5-702B-46DA-B58E-C0B4FE6D9703}.E2E|Any CPU.Build.0 = Debug|Any CPU
		{E9E9EDA5-702B-46DA-B58E-C0B4FE6D9703}.Release|Any CPU.ActiveCfg = Release|Any CPU
		{E9E9EDA5-702B-46DA-B58E-C0B4FE6D9703}.Release|Any CPU.Build.0 = Release|Any CPU
		{E9E9EDA5-702B-46DA-B58E-C0B4FE6D9703}.Val_Env|Any CPU.ActiveCfg = Debug|Any CPU
		{E9E9EDA5-702B-46DA-B58E-C0B4FE6D9703}.Val_Env|Any CPU.Build.0 = Debug|Any CPU
		{E9E9EDA5-702B-46DA-B58E-C0B4FE6D9703}.Val|Any CPU.ActiveCfg = Debug|Any CPU
		{E9E9EDA5-702B-46DA-B58E-C0B4FE6D9703}.Val|Any CPU.Build.0 = Debug|Any CPU
		{A5D6AD84-256E-49A5-949E-2D9BA79A34FC}.Debug|Any CPU.ActiveCfg = Debug|Any CPU
		{A5D6AD84-256E-49A5-949E-2D9BA79A34FC}.Debug|Any CPU.Build.0 = Debug|Any CPU
		{A5D6AD84-256E-49A5-949E-2D9BA79A34FC}.E2E|Any CPU.ActiveCfg = Debug|Any CPU
		{A5D6AD84-256E-49A5-949E-2D9BA79A34FC}.E2E|Any CPU.Build.0 = Debug|Any CPU
		{A5D6AD84-256E-49A5-949E-2D9BA79A34FC}.Release|Any CPU.ActiveCfg = Release|Any CPU
		{A5D6AD84-256E-49A5-949E-2D9BA79A34FC}.Release|Any CPU.Build.0 = Release|Any CPU
		{A5D6AD84-256E-49A5-949E-2D9BA79A34FC}.Val_Env|Any CPU.ActiveCfg = Debug|Any CPU
		{A5D6AD84-256E-49A5-949E-2D9BA79A34FC}.Val_Env|Any CPU.Build.0 = Debug|Any CPU
		{A5D6AD84-256E-49A5-949E-2D9BA79A34FC}.Val|Any CPU.ActiveCfg = Debug|Any CPU
		{A5D6AD84-256E-49A5-949E-2D9BA79A34FC}.Val|Any CPU.Build.0 = Debug|Any CPU
	EndGlobalSection
	GlobalSection(SolutionProperties) = preSolution
		HideSolutionNode = FALSE
	EndGlobalSection
	GlobalSection(NestedProjects) = preSolution
		{04E164ED-0769-4F5F-988C-55148BF03D98} = {F395CAA9-0303-45F3-8E07-5353E3A5923E}
		{FFB02516-6BBD-41A1-B258-BDA2100184CA} = {F395CAA9-0303-45F3-8E07-5353E3A5923E}
		{4599DEBF-657D-4AE9-934C-91A5290CDEA8} = {F395CAA9-0303-45F3-8E07-5353E3A5923E}
		{E9E9EDA5-702B-46DA-B58E-C0B4FE6D9703} = {F395CAA9-0303-45F3-8E07-5353E3A5923E}
		{A5D6AD84-256E-49A5-949E-2D9BA79A34FC} = {F395CAA9-0303-45F3-8E07-5353E3A5923E}
	EndGlobalSection
	GlobalSection(ExtensibilityGlobals) = postSolution
		SolutionGuid = {FF5654D5-55C5-42E8-A4B2-EF8A46CE43BB}
	EndGlobalSection
EndGlobal
